
Microsoft Visual Studio Solution File, Format Version 12.00
# Visual Studio 15
VisualStudioVersion = 15.0.26124.0
MinimumVisualStudioVersion = 15.0.26124.0
Project("{FAE04EC0-301F-11D3-BF4B-00C04F79EFBC}") = "Application", "Api.Application\Application.csproj", "{A8E70A06-2D9C-4D9A-96AB-5E7EF8DCCEC4}"
EndProject
Project("{FAE04EC0-301F-11D3-BF4B-00C04F79EFBC}") = "Domain", "Api.Domain\Domain.csproj", "{9F7C1CEA-5CE6-45C6-A089-886FAEE8E1F3}"
EndProject
Project("{FAE04EC0-301F-11D3-BF4B-00C04F79EFBC}") = "CrossCutting", "Api.CrossCutting\CrossCutting.csproj", "{BA24C143-C17C-4E3E-B38F-6A0ADF0D31A9}"
EndProject
Project("{FAE04EC0-301F-11D3-BF4B-00C04F79EFBC}") = "Data", "Api.Data\Data.csproj", "{15E155C5-46B9-4B2D-9DB6-E634BDCCA015}"
EndProject
Global
	GlobalSection(SolutionConfigurationPlatforms) = preSolution
		Debug|Any CPU = Debug|Any CPU
		Debug|x64 = Debug|x64
		Debug|x86 = Debug|x86
		Release|Any CPU = Release|Any CPU
		Release|x64 = Release|x64
		Release|x86 = Release|x86
	EndGlobalSection
	GlobalSection(SolutionProperties) = preSolution
		HideSolutionNode = FALSE
	EndGlobalSection
	GlobalSection(ProjectConfigurationPlatforms) = postSolution
		{A8E70A06-2D9C-4D9A-96AB-5E7EF8DCCEC4}.Debug|Any CPU.ActiveCfg = Debug|Any CPU
		{A8E70A06-2D9C-4D9A-96AB-5E7EF8DCCEC4}.Debug|Any CPU.Build.0 = Debug|Any CPU
		{A8E70A06-2D9C-4D9A-96AB-5E7EF8DCCEC4}.Debug|x64.ActiveCfg = Debug|Any CPU
		{A8E70A06-2D9C-4D9A-96AB-5E7EF8DCCEC4}.Debug|x64.Build.0 = Debug|Any CPU
		{A8E70A06-2D9C-4D9A-96AB-5E7EF8DCCEC4}.Debug|x86.ActiveCfg = Debug|Any CPU
		{A8E70A06-2D9C-4D9A-96AB-5E7EF8DCCEC4}.Debug|x86.Build.0 = Debug|Any CPU
		{A8E70A06-2D9C-4D9A-96AB-5E7EF8DCCEC4}.Release|Any CPU.ActiveCfg = Release|Any CPU
		{A8E70A06-2D9C-4D9A-96AB-5E7EF8DCCEC4}.Release|Any CPU.Build.0 = Release|Any CPU
		{A8E70A06-2D9C-4D9A-96AB-5E7EF8DCCEC4}.Release|x64.ActiveCfg = Release|Any CPU
		{A8E70A06-2D9C-4D9A-96AB-5E7EF8DCCEC4}.Release|x64.Build.0 = Release|Any CPU
		{A8E70A06-2D9C-4D9A-96AB-5E7EF8DCCEC4}.Release|x86.ActiveCfg = Release|Any CPU
		{A8E70A06-2D9C-4D9A-96AB-5E7EF8DCCEC4}.Release|x86.Build.0 = Release|Any CPU
		{9F7C1CEA-5CE6-45C6-A089-886FAEE8E1F3}.Debug|Any CPU.ActiveCfg = Debug|Any CPU
		{9F7C1CEA-5CE6-45C6-A089-886FAEE8E1F3}.Debug|Any CPU.Build.0 = Debug|Any CPU
		{9F7C1CEA-5CE6-45C6-A089-886FAEE8E1F3}.Debug|x64.ActiveCfg = Debug|Any CPU
		{9F7C1CEA-5CE6-45C6-A089-886FAEE8E1F3}.Debug|x64.Build.0 = Debug|Any CPU
		{9F7C1CEA-5CE6-45C6-A089-886FAEE8E1F3}.Debug|x86.ActiveCfg = Debug|Any CPU
		{9F7C1CEA-5CE6-45C6-A089-886FAEE8E1F3}.Debug|x86.Build.0 = Debug|Any CPU
		{9F7C1CEA-5CE6-45C6-A089-886FAEE8E1F3}.Release|Any CPU.ActiveCfg = Release|Any CPU
		{9F7C1CEA-5CE6-45C6-A089-886FAEE8E1F3}.Release|Any CPU.Build.0 = Release|Any CPU
		{9F7C1CEA-5CE6-45C6-A089-886FAEE8E1F3}.Release|x64.ActiveCfg = Release|Any CPU
		{9F7C1CEA-5CE6-45C6-A089-886FAEE8E1F3}.Release|x64.Build.0 = Release|Any CPU
		{9F7C1CEA-5CE6-45C6-A089-886FAEE8E1F3}.Release|x86.ActiveCfg = Release|Any CPU
		{9F7C1CEA-5CE6-45C6-A089-886FAEE8E1F3}.Release|x86.Build.0 = Release|Any CPU
		{BA24C143-C17C-4E3E-B38F-6A0ADF0D31A9}.Debug|Any CPU.ActiveCfg = Debug|Any CPU
		{BA24C143-C17C-4E3E-B38F-6A0ADF0D31A9}.Debug|Any CPU.Build.0 = Debug|Any CPU
		{BA24C143-C17C-4E3E-B38F-6A0ADF0D31A9}.Debug|x64.ActiveCfg = Debug|Any CPU
		{BA24C143-C17C-4E3E-B38F-6A0ADF0D31A9}.Debug|x64.Build.0 = Debug|Any CPU
		{BA24C143-C17C-4E3E-B38F-6A0ADF0D31A9}.Debug|x86.ActiveCfg = Debug|Any CPU
		{BA24C143-C17C-4E3E-B38F-6A0ADF0D31A9}.Debug|x86.Build.0 = Debug|Any CPU
		{BA24C143-C17C-4E3E-B38F-6A0ADF0D31A9}.Release|Any CPU.ActiveCfg = Release|Any CPU
		{BA24C143-C17C-4E3E-B38F-6A0ADF0D31A9}.Release|Any CPU.Build.0 = Release|Any CPU
		{BA24C143-C17C-4E3E-B38F-6A0ADF0D31A9}.Release|x64.ActiveCfg = Release|Any CPU
		{BA24C143-C17C-4E3E-B38F-6A0ADF0D31A9}.Release|x64.Build.0 = Release|Any CPU
		{BA24C143-C17C-4E3E-B38F-6A0ADF0D31A9}.Release|x86.ActiveCfg = Release|Any CPU
		{BA24C143-C17C-4E3E-B38F-6A0ADF0D31A9}.Release|x86.Build.0 = Release|Any CPU
		{15E155C5-46B9-4B2D-9DB6-E634BDCCA015}.Debug|Any CPU.ActiveCfg = Debug|Any CPU
		{15E155C5-46B9-4B2D-9DB6-E634BDCCA015}.Debug|Any CPU.Build.0 = Debug|Any CPU
		{15E155C5-46B9-4B2D-9DB6-E634BDCCA015}.Debug|x64.ActiveCfg = Debug|Any CPU
		{15E155C5-46B9-4B2D-9DB6-E634BDCCA015}.Debug|x64.Build.0 = Debug|Any CPU
		{15E155C5-46B9-4B2D-9DB6-E634BDCCA015}.Debug|x86.ActiveCfg = Debug|Any CPU
		{15E155C5-46B9-4B2D-9DB6-E634BDCCA015}.Debug|x86.Build.0 = Debug|Any CPU
		{15E155C5-46B9-4B2D-9DB6-E634BDCCA015}.Release|Any CPU.ActiveCfg = Release|Any CPU
		{15E155C5-46B9-4B2D-9DB6-E634BDCCA015}.Release|Any CPU.Build.0 = Release|Any CPU
		{15E155C5-46B9-4B2D-9DB6-E634BDCCA015}.Release|x64.ActiveCfg = Release|Any CPU
		{15E155C5-46B9-4B2D-9DB6-E634BDCCA015}.Release|x64.Build.0 = Release|Any CPU
		{15E155C5-46B9-4B2D-9DB6-E634BDCCA015}.Release|x86.ActiveCfg = Release|Any CPU
		{15E155C5-46B9-4B2D-9DB6-E634BDCCA015}.Release|x86.Build.0 = Release|Any CPU
	EndGlobalSection
EndGlobal
